PODS:
  - FBSnapshotTestCase (2.1.4):
    - FBSnapshotTestCase/SwiftSupport (= 2.1.4)
  - FBSnapshotTestCase/Core (2.1.4)
  - FBSnapshotTestCase/SwiftSupport (2.1.4):
    - FBSnapshotTestCase/Core
  - PNTools (0.1.0)

DEPENDENCIES:
  - FBSnapshotTestCase
  - PNTools (from `../`)

SPEC REPOS:
  trunk:
    - FBSnapshotTestCase

EXTERNAL SOURCES:
  PNTools:
    :path: "../"

SPEC CHECKSUMS:
  FBSnapshotTestCase: 094f9f314decbabe373b87cc339bea235a63e07a
  PNTools: 1f5ab1083e1f4510e32b00d71914271135a29880

PODFILE CHECKSUM: 834f71290279dc640d794a06f8936a29d2749adf

COCOAPODS: 1.11.3
